{
  "object": {
    "pins": [
      {
        "package": "Alamofire",
        "repositoryURL": "https://github.com/Alamofire/Alamofire.git",
        "state": {
          "branch": null,
          "revision": "b02c4ee7f1659090f7ac543c022f922beeb04bc6",
          "version": "5.0.2"
        }
      },
      {
        "package": "PartialSheet",
        "repositoryURL": "git@github.com:AndreaMiotto/PartialSheet.git",
        "state": {
          "branch": null,
          "revision": "cda3be6f769ec89c48b17317a598ef186c95ca5c",
          "version": "0.1.0"
        }
      },
      {
        "package": "SwiftyJSON",
        "repositoryURL": "https://github.com/SwiftyJSON/SwiftyJSON.git",
        "state": {
          "branch": null,
          "revision": "2b6054efa051565954e1d2b9da831680026cd768",
          "version": "5.0.0"
        }
      }
    ]
  },
  "version": 1
}
